{
  "socketPath": "/tmp/mcp-a8k1Em/mcp.sock",
  "scheme": "unix",
  "headers": {
    "Authorization": "Nonce 36ae38c6-e8c0-4541-8b30-1c8c9cdaf5d8"
  },
  "pid": 191529,
  "ideName": "Visual Studio Code",
  "timestamp": 1773413517543,
  "workspaceFolders": [
    "/home/user"
  ],
  "isTrusted": true
}