{
  "socketPath": "/tmp/mcp-wdLCpc/mcp.sock",
  "scheme": "unix",
  "headers": {
    "Authorization": "Nonce 250f6335-eba6-4f1e-ad22-5dab3e0b5332"
  },
  "pid": 264757,
  "ideName": "Visual Studio Code",
  "timestamp": 1773471361283,
  "workspaceFolders": [
    "/home/user"
  ],
  "isTrusted": true
}