{
  "socketPath": "/tmp/mcp-dv5vef/mcp.sock",
  "scheme": "unix",
  "headers": {
    "Authorization": "Nonce 16888cc0-6dc9-456b-ae92-95b8b6afa6eb"
  },
  "pid": 56460,
  "ideName": "Visual Studio Code",
  "timestamp": 1773242401008,
  "workspaceFolders": [
    "/home/user"
  ],
  "isTrusted": true
}